
Microsoft Visual Studio Solution File, Format Version 12.00
# Visual Studio Express 14 for Windows Desktop
VisualStudioVersion = 14.0.23107.0
MinimumVisualStudioVersion = 10.0.40219.1
Project("{FAE04EC0-301F-11D3-BF4B-00C04F79EFBC}") = "TheCheater", "TheCheater.csproj", "{A3DAB223-7823-4849-BC35-76A3B56B1401}"
EndProject
Global
	GlobalSection(SolutionConfigurationPlatforms) = preSolution
		Debug|Any CPU = Debug|Any CPU
		Release|Any CPU = Release|Any CPU
	EndGlobalSection
	GlobalSection(ProjectConfigurationPlatforms) = postSolution
		{A3DAB223-7823-4849-BC35-76A3B56B1401}.Debug|Any CPU.ActiveCfg = Debug|Any CPU
		{A3DAB223-7823-4849-BC35-76A3B56B1401}.Debug|Any CPU.Build.0 = Debug|Any CPU
		{A3DAB223-7823-4849-BC35-76A3B56B1401}.Release|Any CPU.ActiveCfg = Release|Any CPU
		{A3DAB223-7823-4849-BC35-76A3B56B1401}.Release|Any CPU.Build.0 = Release|Any CPU
	EndGlobalSection
	GlobalSection(SolutionProperties) = preSolution
		HideSolutionNode = FALSE
	EndGlobalSection
EndGlobal
